<?xml version="1.0" encoding="utf-8"?>
<Project ToolsVersion="4.0" xmlns="http://schemas.microsoft.com/developer/msbuild/2003">
  <ItemGroup>
    <ClCompile Include="astar.cpp">
      <Filter>Source File</Filter>
    </ClCompile>
    <ClCompile Include="block_control.cpp">
      <Filter>Source File</Filter>
    </ClCompile>
    <ClCompile Include="console.cpp">
      <Filter>Source File</Filter>
    </ClCompile>
    <ClCompile Include="crafting_UI.cpp">
      <Filter>Source File</Filter>
    </ClCompile>
    <ClCompile Include="date_time.cpp">
      <Filter>Source File</Filter>
    </ClCompile>
    <ClCompile Include="delta.cpp">
      <Filter>Source File</Filter>
    </ClCompile>
    <ClCompile Include="formatter.cpp">
      <Filter>Source File</Filter>
    </ClCompile>
    <ClCompile Include="game.cpp">
      <Filter>Source File</Filter>
    </ClCompile>
    <ClCompile Include="input.cpp">
      <Filter>Source File</Filter>
    </ClCompile>
    <ClCompile Include="inventory.cpp">
      <Filter>Source File</Filter>
    </ClCompile>
    <ClCompile Include="item.cpp">
      <Filter>Source File</Filter>
    </ClCompile>
    <ClCompile Include="item_database.cpp">
      <Filter>Source File</Filter>
    </ClCompile>
    <ClCompile Include="main.cpp">
      <Filter>Source File</Filter>
    </ClCompile>
    <ClCompile Include="main_menu.cpp">
      <Filter>Source File</Filter>
    </ClCompile>
    <ClCompile Include="map.cpp">
      <Filter>Source File</Filter>
    </ClCompile>
    <ClCompile Include="mob.cpp">
      <Filter>Source File</Filter>
    </ClCompile>
    <ClCompile Include="perlin.cpp">
      <Filter>Source File</Filter>
    </ClCompile>
    <ClCompile Include="player.cpp">
      <Filter>Source File</Filter>
    </ClCompile>
    <ClCompile Include="save.cpp">
      <Filter>Source File</Filter>
    </ClCompile>
    <ClCompile Include="sound.cpp">
      <Filter>Source File</Filter>
    </ClCompile>
    <ClCompile Include="tool.cpp">
      <Filter>Source File</Filter>
    </ClCompile>
    <ClCompile Include="boss_malakh.cpp">
      <Filter>Source File</Filter>
    </ClCompile>
  </ItemGroup>
  <ItemGroup>
    <ClInclude Include="astar.hpp">
      <Filter>Header File</Filter>
    </ClInclude>
    <ClInclude Include="block_control.hpp">
      <Filter>Header File</Filter>
    </ClInclude>
    <ClInclude Include="console.hpp">
      <Filter>Header File</Filter>
    </ClInclude>
    <ClInclude Include="crafting_UI.hpp">
      <Filter>Header File</Filter>
    </ClInclude>
    <ClInclude Include="date_time.hpp">
      <Filter>Header File</Filter>
    </ClInclude>
    <ClInclude Include="delta.hpp">
      <Filter>Header File</Filter>
    </ClInclude>
    <ClInclude Include="formatter.hpp">
      <Filter>Header File</Filter>
    </ClInclude>
    <ClInclude Include="game.hpp">
      <Filter>Header File</Filter>
    </ClInclude>
    <ClInclude Include="input.hpp">
      <Filter>Header File</Filter>
    </ClInclude>
    <ClInclude Include="inventory.hpp">
      <Filter>Header File</Filter>
    </ClInclude>
    <ClInclude Include="item.hpp">
      <Filter>Header File</Filter>
    </ClInclude>
    <ClInclude Include="item_database.hpp">
      <Filter>Header File</Filter>
    </ClInclude>
    <ClInclude Include="leak.hpp">
      <Filter>Header File</Filter>
    </ClInclude>
    <ClInclude Include="main_menu.hpp">
      <Filter>Header File</Filter>
    </ClInclude>
    <ClInclude Include="map.hpp">
      <Filter>Header File</Filter>
    </ClInclude>
    <ClInclude Include="mob.hpp">
      <Filter>Header File</Filter>
    </ClInclude>
    <ClInclude Include="perlin.hpp">
      <Filter>Header File</Filter>
    </ClInclude>
    <ClInclude Include="player.hpp">
      <Filter>Header File</Filter>
    </ClInclude>
    <ClInclude Include="save.hpp">
      <Filter>Header File</Filter>
    </ClInclude>
    <ClInclude Include="sound.hpp">
      <Filter>Header File</Filter>
    </ClInclude>
    <ClInclude Include="tool.hpp">
      <Filter>Header File</Filter>
    </ClInclude>
    <ClInclude Include="boss_malakh.hpp">
      <Filter>Header File</Filter>
    </ClInclude>
  </ItemGroup>
  <ItemGroup>
    <None Include="items.csv">
      <Filter>Resource File</Filter>
    </None>
    <None Include="items.csv">
      <Filter>Resource Files</Filter>
    </None>
    <None Include="recipes.csv">
      <Filter>Resource File</Filter>
    </None>
  </ItemGroup>
  <ItemGroup>
    <Filter Include="Source File">
      <UniqueIdentifier>{5262b4b2-aabf-4584-95b2-99eaf91d559a}</UniqueIdentifier>
    </Filter>
    <Filter Include="Header File">
      <UniqueIdentifier>{20312d52-9a1d-4531-8d18-15ca9005f219}</UniqueIdentifier>
    </Filter>
    <Filter Include="Resource File">
      <UniqueIdentifier>{3a664a58-48e6-4330-976a-cc5a5fca2efd}</UniqueIdentifier>
    </Filter>
  </ItemGroup>
</Project>