<?xml version="1.0" encoding="utf-8"?>
<Project ToolsVersion="4.0" xmlns="http://schemas.microsoft.com/developer/msbuild/2003">
  <ItemGroup>
    <ClCompile Include="astar.c">
      <Filter>Source File</Filter>
    </ClCompile>
    <ClCompile Include="block_control.c">
      <Filter>Source File</Filter>
    </ClCompile>
    <ClCompile Include="console.c">
      <Filter>Source File</Filter>
    </ClCompile>
    <ClCompile Include="Crafting_UI.c">
      <Filter>Source File</Filter>
    </ClCompile>
    <ClCompile Include="date_time.c">
      <Filter>Source File</Filter>
    </ClCompile>
    <ClCompile Include="delta.c">
      <Filter>Source File</Filter>
    </ClCompile>
    <ClCompile Include="formatter.c">
      <Filter>Source File</Filter>
    </ClCompile>
    <ClCompile Include="game.c">
      <Filter>Source File</Filter>
    </ClCompile>
    <ClCompile Include="input.c">
      <Filter>Source File</Filter>
    </ClCompile>
    <ClCompile Include="inventory.c">
      <Filter>Source File</Filter>
    </ClCompile>
    <ClCompile Include="item.c">
      <Filter>Source File</Filter>
    </ClCompile>
    <ClCompile Include="item_database.c">
      <Filter>Source File</Filter>
    </ClCompile>
    <ClCompile Include="main.c">
      <Filter>Source File</Filter>
    </ClCompile>
    <ClCompile Include="main_menu.c">
      <Filter>Source File</Filter>
    </ClCompile>
    <ClCompile Include="map.c">
      <Filter>Source File</Filter>
    </ClCompile>
    <ClCompile Include="mob.c">
      <Filter>Source File</Filter>
    </ClCompile>
    <ClCompile Include="perlin.c">
      <Filter>Source File</Filter>
    </ClCompile>
    <ClCompile Include="player.c">
      <Filter>Source File</Filter>
    </ClCompile>
    <ClCompile Include="save.c">
      <Filter>Source File</Filter>
    </ClCompile>
    <ClCompile Include="sound.c">
      <Filter>Source File</Filter>
    </ClCompile>
    <ClCompile Include="tool.c">
      <Filter>Source File</Filter>
    </ClCompile>
    <ClCompile Include="boss_malakh.c">
      <Filter>Source File</Filter>
    </ClCompile>
  </ItemGroup>
  <ItemGroup>
    <ClInclude Include="astar.h">
      <Filter>Header File</Filter>
    </ClInclude>
    <ClInclude Include="block_control.h">
      <Filter>Header File</Filter>
    </ClInclude>
    <ClInclude Include="console.h">
      <Filter>Header File</Filter>
    </ClInclude>
    <ClInclude Include="Crafting_UI.h">
      <Filter>Header File</Filter>
    </ClInclude>
    <ClInclude Include="date_time.h">
      <Filter>Header File</Filter>
    </ClInclude>
    <ClInclude Include="delta.h">
      <Filter>Header File</Filter>
    </ClInclude>
    <ClInclude Include="formatter.h">
      <Filter>Header File</Filter>
    </ClInclude>
    <ClInclude Include="game.h">
      <Filter>Header File</Filter>
    </ClInclude>
    <ClInclude Include="input.h">
      <Filter>Header File</Filter>
    </ClInclude>
    <ClInclude Include="inventory.h">
      <Filter>Header File</Filter>
    </ClInclude>
    <ClInclude Include="item.h">
      <Filter>Header File</Filter>
    </ClInclude>
    <ClInclude Include="item_database.h">
      <Filter>Header File</Filter>
    </ClInclude>
    <ClInclude Include="leak.h">
      <Filter>Header File</Filter>
    </ClInclude>
    <ClInclude Include="main_menu.h">
      <Filter>Header File</Filter>
    </ClInclude>
    <ClInclude Include="map.h">
      <Filter>Header File</Filter>
    </ClInclude>
    <ClInclude Include="mob.h">
      <Filter>Header File</Filter>
    </ClInclude>
    <ClInclude Include="perlin.h">
      <Filter>Header File</Filter>
    </ClInclude>
    <ClInclude Include="player.h">
      <Filter>Header File</Filter>
    </ClInclude>
    <ClInclude Include="resource.h">
      <Filter>Header File</Filter>
    </ClInclude>
    <ClInclude Include="resource1.h">
      <Filter>Header File</Filter>
    </ClInclude>
    <ClInclude Include="resource2.h">
      <Filter>Header File</Filter>
    </ClInclude>
    <ClInclude Include="resource4.h">
      <Filter>Header File</Filter>
    </ClInclude>
    <ClInclude Include="resource3.h">
      <Filter>Header File</Filter>
    </ClInclude>
    <ClInclude Include="resource5.h">
      <Filter>Header File</Filter>
    </ClInclude>
    <ClInclude Include="save.h">
      <Filter>Header File</Filter>
    </ClInclude>
    <ClInclude Include="sound.h">
      <Filter>Header File</Filter>
    </ClInclude>
    <ClInclude Include="tool.h">
      <Filter>Header File</Filter>
    </ClInclude>
    <ClInclude Include="boss_malakh.h">
      <Filter>Header File</Filter>
    </ClInclude>
  </ItemGroup>
  <ItemGroup>
    <Media Include="SoundFile\BGM\Caketown-1_1.wav">
      <Filter>Resource File</Filter>
    </Media>
    <Media Include="SoundFile\BGM\fixed_roop1.wav">
      <Filter>Resource File</Filter>
    </Media>
  </ItemGroup>
  <ItemGroup>
    <None Include="items.csv">
      <Filter>Resource File</Filter>
    </None>
    <None Include="workbench_recipes.csv">
      <Filter>Resource File</Filter>
    </None>
    <None Include="items.csv">
      <Filter>Resource Files</Filter>
    </None>
    <None Include="recipes.csv">
      <Filter>Resource File</Filter>
    </None>
  </ItemGroup>
  <ItemGroup>
    <Filter Include="Source File">
      <UniqueIdentifier>{5262b4b2-aabf-4584-95b2-99eaf91d559a}</UniqueIdentifier>
    </Filter>
    <Filter Include="Header File">
      <UniqueIdentifier>{20312d52-9a1d-4531-8d18-15ca9005f219}</UniqueIdentifier>
    </Filter>
    <Filter Include="Resource File">
      <UniqueIdentifier>{3a664a58-48e6-4330-976a-cc5a5fca2efd}</UniqueIdentifier>
    </Filter>
  </ItemGroup>
</Project>